
Microsoft Visual Studio Solution File, Format Version 12.00
# Visual Studio Version 16
VisualStudioVersion = 16.0.31205.134
MinimumVisualStudioVersion = 10.0.40219.1
Project("{9A19103F-16F7-4668-BE54-9A1E7A4F7556}") = "Lesson 6.1", "Lesson 6\Lesson 6.1.csproj", "{FEBF917A-DAAD-4F51-9DA7-1990DC366CDF}"
EndProject
Project("{FAE04EC0-301F-11D3-BF4B-00C04F79EFBC}") = "Lesson 6.2", "Lesson 6.2\Lesson 6.2.csproj", "{1ABC82B0-BE24-4B4D-9FDA-5892C0B70677}"
EndProject
Global
	GlobalSection(SolutionConfigurationPlatforms) = preSolution
		Debug|Any CPU = Debug|Any CPU
		Release|Any CPU = Release|Any CPU
	EndGlobalSection
	GlobalSection(ProjectConfigurationPlatforms) = postSolution
		{FEBF917A-DAAD-4F51-9DA7-1990DC366CDF}.Debug|Any CPU.ActiveCfg = Debug|Any CPU
		{FEBF917A-DAAD-4F51-9DA7-1990DC366CDF}.Debug|Any CPU.Build.0 = Debug|Any CPU
		{FEBF917A-DAAD-4F51-9DA7-1990DC366CDF}.Release|Any CPU.ActiveCfg = Release|Any CPU
		{FEBF917A-DAAD-4F51-9DA7-1990DC366CDF}.Release|Any CPU.Build.0 = Release|Any CPU
		{1ABC82B0-BE24-4B4D-9FDA-5892C0B70677}.Debug|Any CPU.ActiveCfg = Debug|Any CPU
		{1ABC82B0-BE24-4B4D-9FDA-5892C0B70677}.Debug|Any CPU.Build.0 = Debug|Any CPU
		{1ABC82B0-BE24-4B4D-9FDA-5892C0B70677}.Release|Any CPU.ActiveCfg = Release|Any CPU
		{1ABC82B0-BE24-4B4D-9FDA-5892C0B70677}.Release|Any CPU.Build.0 = Release|Any CPU
	EndGlobalSection
	GlobalSection(SolutionProperties) = preSolution
		HideSolutionNode = FALSE
	EndGlobalSection
	GlobalSection(ExtensibilityGlobals) = postSolution
		SolutionGuid = {39DD5B90-3C5C-40B2-BD6B-80EEF409D53C}
	EndGlobalSection
EndGlobal
